// !$*UTF8*$!
{
	archiveVersion = 1;
	classes = {
	};
	objectVersion = 46;
	objects = {

/* Begin PBXBuildFile section */
		D265EBC41E1043A700DEDF33 /* RealmController.swift in Sources */ = {isa = PBXBuildFile; fileRef = D265EBC31E1043A700DEDF33 /* RealmController.swift */; };
		D28607071E0DAF2E00333240 /* Realm.framework in Frameworks */ = {isa = PBXBuildFile; fileRef = D28607061E0DAF2E00333240 /* Realm.framework */; };
		D28607081E0DAF2E00333240 /* Realm.framework in Embed Frameworks */ = {isa = PBXBuildFile; fileRef = D28607061E0DAF2E00333240 /* Realm.framework */; settings = {ATTRIBUTES = (CodeSignOnCopy, RemoveHeadersOnCopy, ); }; };
		D286070B1E0DAF3600333240 /* RealmSwift.framework in Frameworks */ = {isa = PBXBuildFile; fileRef = D286070A1E0DAF3600333240 /* RealmSwift.framework */; };
		D286070C1E0DAF3600333240 /* RealmSwift.framework in Embed Frameworks */ = {isa = PBXBuildFile; fileRef = D286070A1E0DAF3600333240 /* RealmSwift.framework */; settings = {ATTRIBUTES = (CodeSignOnCopy, RemoveHeadersOnCopy, ); }; };
		D28607101E0DB0BD00333240 /* LoggedAlert.swift in Sources */ = {isa = PBXBuildFile; fileRef = D286070F1E0DB0BD00333240 /* LoggedAlert.swift */; };
		D28607121E0DB12900333240 /* Response.swift in Sources */ = {isa = PBXBuildFile; fileRef = D28607111E0DB12900333240 /* Response.swift */; };
		D2C998CD1E0D8E4500374E4D /* AppDelegate.swift in Sources */ = {isa = PBXBuildFile; fileRef = D2C998CC1E0D8E4500374E4D /* AppDelegate.swift */; };
		D2C998CF1E0D8E4500374E4D /* ViewController.swift in Sources */ = {isa = PBXBuildFile; fileRef = D2C998CE1E0D8E4500374E4D /* ViewController.swift */; };
		D2C998D21E0D8E4500374E4D /* Main.storyboard in Resources */ = {isa = PBXBuildFile; fileRef = D2C998D01E0D8E4500374E4D /* Main.storyboard */; };
		D2C998D41E0D8E4500374E4D /* Assets.xcassets in Resources */ = {isa = PBXBuildFile; fileRef = D2C998D31E0D8E4500374E4D /* Assets.xcassets */; };
		D2C998D71E0D8E4500374E4D /* LaunchScreen.storyboard in Resources */ = {isa = PBXBuildFile; fileRef = D2C998D51E0D8E4500374E4D /* LaunchScreen.storyboard */; };
		D2C998E21E0D8E4600374E4D /* RealmerTests.swift in Sources */ = {isa = PBXBuildFile; fileRef = D2C998E11E0D8E4600374E4D /* RealmerTests.swift */; };
		D2C998ED1E0D8E4600374E4D /* RealmerUITests.swift in Sources */ = {isa = PBXBuildFile; fileRef = D2C998EC1E0D8E4600374E4D /* RealmerUITests.swift */; };
		D2C998FE1E0D8FF000374E4D /* ResponsesVC.swift in Sources */ = {isa = PBXBuildFile; fileRef = D2C998FD1E0D8FF000374E4D /* ResponsesVC.swift */; };
/* End PBXBuildFile section */

/* Begin PBXContainerItemProxy section */
		D2C998DE1E0D8E4600374E4D /* PBXContainerItemProxy */ = {
			isa = PBXContainerItemProxy;
			containerPortal = D2C998C11E0D8E4500374E4D /* Project object */;
			proxyType = 1;
			remoteGlobalIDString = D2C998C81E0D8E4500374E4D;
			remoteInfo = Realmer;
		};
		D2C998E91E0D8E4600374E4D /* PBXContainerItemProxy */ = {
			isa = PBXContainerItemProxy;
			containerPortal = D2C998C11E0D8E4500374E4D /* Project object */;
			proxyType = 1;
			remoteGlobalIDString = D2C998C81E0D8E4500374E4D;
			remoteInfo = Realmer;
		};
/* End PBXContainerItemProxy section */

/* Begin PBXCopyFilesBuildPhase section */
		D28607091E0DAF2E00333240 /* Embed Frameworks */ = {
			isa = PBXCopyFilesBuildPhase;
			buildActionMask = 2147483647;
			dstPath = "";
			dstSubfolderSpec = 10;
			files = (
				D286070C1E0DAF3600333240 /* RealmSwift.framework in Embed Frameworks */,
				D28607081E0DAF2E00333240 /* Realm.framework in Embed Frameworks */,
			);
			name = "Embed Frameworks";
			runOnlyForDeploymentPostprocessing = 0;
		};
/* End PBXCopyFilesBuildPhase section */

/* Begin PBXFileReference section */
		D265EBC31E1043A700DEDF33 /* RealmController.swift */ = {isa = PBXFileReference; fileEncoding = 4; lastKnownFileType = sourcecode.swift; path = RealmController.swift; sourceTree = "<group>"; };
		D28607061E0DAF2E00333240 /* Realm.framework */ = {isa = PBXFileReference; lastKnownFileType = wrapper.framework; path = Realm.framework; sourceTree = "<group>"; };
		D286070A1E0DAF3600333240 /* RealmSwift.framework */ = {isa = PBXFileReference; lastKnownFileType = wrapper.framework; path = RealmSwift.framework; sourceTree = "<group>"; };
		D286070F1E0DB0BD00333240 /* LoggedAlert.swift */ = {isa = PBXFileReference; fileEncoding = 4; lastKnownFileType = sourcecode.swift; path = LoggedAlert.swift; sourceTree = "<group>"; };
		D28607111E0DB12900333240 /* Response.swift */ = {isa = PBXFileReference; fileEncoding = 4; lastKnownFileType = sourcecode.swift; path = Response.swift; sourceTree = "<group>"; };
		D2C998C91E0D8E4500374E4D /* Realmer.app */ = {isa = PBXFileReference; explicitFileType = wrapper.application; includeInIndex = 0; path = Realmer.app; sourceTree = BUILT_PRODUCTS_DIR; };
		D2C998CC1E0D8E4500374E4D /* AppDelegate.swift */ = {isa = PBXFileReference; lastKnownFileType = sourcecode.swift; path = AppDelegate.swift; sourceTree = "<group>"; };
		D2C998CE1E0D8E4500374E4D /* ViewController.swift */ = {isa = PBXFileReference; lastKnownFileType = sourcecode.swift; path = ViewController.swift; sourceTree = "<group>"; };
		D2C998D11E0D8E4500374E4D /* Base */ = {isa = PBXFileReference; lastKnownFileType = file.storyboard; name = Base; path = Base.lproj/Main.storyboard; sourceTree = "<group>"; };
		D2C998D31E0D8E4500374E4D /* Assets.xcassets */ = {isa = PBXFileReference; lastKnownFileType = folder.assetcatalog; path = Assets.xcassets; sourceTree = "<group>"; };
		D2C998D61E0D8E4500374E4D /* Base */ = {isa = PBXFileReference; lastKnownFileType = file.storyboard; name = Base; path = Base.lproj/LaunchScreen.storyboard; sourceTree = "<group>"; };
		D2C998D81E0D8E4500374E4D /* Info.plist */ = {isa = PBXFileReference; lastKnownFileType = text.plist.xml; path = Info.plist; sourceTree = "<group>"; };
		D2C998DD1E0D8E4600374E4D /* RealmerTests.xctest */ = {isa = PBXFileReference; explicitFileType = wrapper.cfbundle; includeInIndex = 0; path = RealmerTests.xctest; sourceTree = BUILT_PRODUCTS_DIR; };
		D2C998E11E0D8E4600374E4D /* RealmerTests.swift */ = {isa = PBXFileReference; lastKnownFileType = sourcecode.swift; path = RealmerTests.swift; sourceTree = "<group>"; };
		D2C998E31E0D8E4600374E4D /* Info.plist */ = {isa = PBXFileReference; lastKnownFileType = text.plist.xml; path = Info.plist; sourceTree = "<group>"; };
		D2C998E81E0D8E4600374E4D /* RealmerUITests.xctest */ = {isa = PBXFileReference; explicitFileType = wrapper.cfbundle; includeInIndex = 0; path = RealmerUITests.xctest; sourceTree = BUILT_PRODUCTS_DIR; };
		D2C998EC1E0D8E4600374E4D /* RealmerUITests.swift */ = {isa = PBXFileReference; lastKnownFileType = sourcecode.swift; path = RealmerUITests.swift; sourceTree = "<group>"; };
		D2C998EE1E0D8E4600374E4D /* Info.plist */ = {isa = PBXFileReference; lastKnownFileType = text.plist.xml; path = Info.plist; sourceTree = "<group>"; };
		D2C998FD1E0D8FF000374E4D /* ResponsesVC.swift */ = {isa = PBXFileReference; fileEncoding = 4; lastKnownFileType = sourcecode.swift; path = ResponsesVC.swift; sourceTree = "<group>"; };
/* End PBXFileReference section */

/* Begin PBXFrameworksBuildPhase section */
		D2C998C61E0D8E4500374E4D /* Frameworks */ = {
			isa = PBXFrameworksBuildPhase;
			buildActionMask = 2147483647;
			files = (
				D286070B1E0DAF3600333240 /* RealmSwift.framework in Frameworks */,
				D28607071E0DAF2E00333240 /* Realm.framework in Frameworks */,
			);
			runOnlyForDeploymentPostprocessing = 0;
		};
		D2C998DA1E0D8E4600374E4D /* Frameworks */ = {
			isa = PBXFrameworksBuildPhase;
			buildActionMask = 2147483647;
			files = (
			);
			runOnlyForDeploymentPostprocessing = 0;
		};
		D2C998E51E0D8E4600374E4D /* Frameworks */ = {
			isa = PBXFrameworksBuildPhase;
			buildActionMask = 2147483647;
			files = (
			);
			runOnlyForDeploymentPostprocessing = 0;
		};
/* End PBXFrameworksBuildPhase section */

/* Begin PBXGroup section */
		D286070E1E0DB07C00333240 /* RealmModels */ = {
			isa = PBXGroup;
			children = (
				D286070F1E0DB0BD00333240 /* LoggedAlert.swift */,
				D28607111E0DB12900333240 /* Response.swift */,
			);
			name = RealmModels;
			sourceTree = "<group>";
		};
		D2C998C01E0D8E4500374E4D = {
			isa = PBXGroup;
			children = (
				D286070A1E0DAF3600333240 /* RealmSwift.framework */,
				D28607061E0DAF2E00333240 /* Realm.framework */,
				D2C998CB1E0D8E4500374E4D /* Realmer */,
				D2C998E01E0D8E4600374E4D /* RealmerTests */,
				D2C998EB1E0D8E4600374E4D /* RealmerUITests */,
				D2C998CA1E0D8E4500374E4D /* Products */,
			);
			sourceTree = "<group>";
		};
		D2C998CA1E0D8E4500374E4D /* Products */ = {
			isa = PBXGroup;
			children = (
				D2C998C91E0D8E4500374E4D /* Realmer.app */,
				D2C998DD1E0D8E4600374E4D /* RealmerTests.xctest */,
				D2C998E81E0D8E4600374E4D /* RealmerUITests.xctest */,
			);
			name = Products;
			sourceTree = "<group>";
		};
		D2C998CB1E0D8E4500374E4D /* Realmer */ = {
			isa = PBXGroup;
			children = (
				D286070E1E0DB07C00333240 /* RealmModels */,
				D2C998FA1E0D8F7200374E4D /* ViewControllers */,
				D2C998CC1E0D8E4500374E4D /* AppDelegate.swift */,
				D2C998D01E0D8E4500374E4D /* Main.storyboard */,
				D2C998D31E0D8E4500374E4D /* Assets.xcassets */,
				D2C998D51E0D8E4500374E4D /* LaunchScreen.storyboard */,
				D2C998D81E0D8E4500374E4D /* Info.plist */,
				D265EBC31E1043A700DEDF33 /* RealmController.swift */,
			);
			path = Realmer;
			sourceTree = "<group>";
		};
		D2C998E01E0D8E4600374E4D /* RealmerTests */ = {
			isa = PBXGroup;
			children = (
				D2C998E11E0D8E4600374E4D /* RealmerTests.swift */,
				D2C998E31E0D8E4600374E4D /* Info.plist */,
			);
			path = RealmerTests;
			sourceTree = "<group>";
		};
		D2C998EB1E0D8E4600374E4D /* RealmerUITests */ = {
			isa = PBXGroup;
			children = (
				D2C998EC1E0D8E4600374E4D /* RealmerUITests.swift */,
				D2C998EE1E0D8E4600374E4D /* Info.plist */,
			);
			path = RealmerUITests;
			sourceTree = "<group>";
		};
		D2C998FA1E0D8F7200374E4D /* ViewControllers */ = {
			isa = PBXGroup;
			children = (
				D2C998CE1E0D8E4500374E4D /* ViewController.swift */,
				D2C998FD1E0D8FF000374E4D /* ResponsesVC.swift */,
			);
			name = ViewControllers;
			sourceTree = "<group>";
		};
/* End PBXGroup section */

/* Begin PBXNativeTarget section */
		D2C998C81E0D8E4500374E4D /* Realmer */ = {
			isa = PBXNativeTarget;
			buildConfigurationList = D2C998F11E0D8E4600374E4D /* Build configuration list for PBXNativeTarget "Realmer" */;
			buildPhases = (
				D2C998C51E0D8E4500374E4D /* Sources */,
				D2C998C61E0D8E4500374E4D /* Frameworks */,
				D2C998C71E0D8E4500374E4D /* Resources */,
				D28607091E0DAF2E00333240 /* Embed Frameworks */,
				D286070D1E0DB06100333240 /* ShellScript */,
			);
			buildRules = (
			);
			dependencies = (
			);
			name = Realmer;
			productName = Realmer;
			productReference = D2C998C91E0D8E4500374E4D /* Realmer.app */;
			productType = "com.apple.product-type.application";
		};
		D2C998DC1E0D8E4600374E4D /* RealmerTests */ = {
			isa = PBXNativeTarget;
			buildConfigurationList = D2C998F41E0D8E4600374E4D /* Build configuration list for PBXNativeTarget "RealmerTests" */;
			buildPhases = (
				D2C998D91E0D8E4600374E4D /* Sources */,
				D2C998DA1E0D8E4600374E4D /* Frameworks */,
				D2C998DB1E0D8E4600374E4D /* Resources */,
			);
			buildRules = (
			);
			dependencies = (
				D2C998DF1E0D8E4600374E4D /* PBXTargetDependency */,
			);
			name = RealmerTests;
			productName = RealmerTests;
			productReference = D2C998DD1E0D8E4600374E4D /* RealmerTests.xctest */;
			productType = "com.apple.product-type.bundle.unit-test";
		};
		D2C998E71E0D8E4600374E4D /* RealmerUITests */ = {
			isa = PBXNativeTarget;
			buildConfigurationList = D2C998F71E0D8E4600374E4D /* Build configuration list for PBXNativeTarget "RealmerUITests" */;
			buildPhases = (
				D2C998E41E0D8E4600374E4D /* Sources */,
				D2C998E51E0D8E4600374E4D /* Frameworks */,
				D2C998E61E0D8E4600374E4D /* Resources */,
			);
			buildRules = (
			);
			dependencies = (
				D2C998EA1E0D8E4600374E4D /* PBXTargetDependency */,
			);
			name = RealmerUITests;
			productName = RealmerUITests;
			productReference = D2C998E81E0D8E4600374E4D /* RealmerUITests.xctest */;
			productType = "com.apple.product-type.bundle.ui-testing";
		};
/* End PBXNativeTarget section */

/* Begin PBXProject section */
		D2C998C11E0D8E4500374E4D /* Project object */ = {
			isa = PBXProject;
			attributes = {
				LastSwiftUpdateCheck = 0810;
				LastUpgradeCheck = 0810;
				ORGANIZATIONNAME = "jonathan thornburg";
				TargetAttributes = {
					D2C998C81E0D8E4500374E4D = {
						CreatedOnToolsVersion = 8.1;
						DevelopmentTeam = 5XL94NV2G5;
						ProvisioningStyle = Automatic;
					};
					D2C998DC1E0D8E4600374E4D = {
						CreatedOnToolsVersion = 8.1;
						ProvisioningStyle = Automatic;
						TestTargetID = D2C998C81E0D8E4500374E4D;
					};
					D2C998E71E0D8E4600374E4D = {
						CreatedOnToolsVersion = 8.1;
						ProvisioningStyle = Automatic;
						TestTargetID = D2C998C81E0D8E4500374E4D;
					};
				};
			};
			buildConfigurationList = D2C998C41E0D8E4500374E4D /* Build configuration list for PBXProject "Realmer" */;
			compatibilityVersion = "Xcode 3.2";
			developmentRegion = English;
			hasScannedForEncodings = 0;
			knownRegions = (
				en,
				Base,
			);
			mainGroup = D2C998C01E0D8E4500374E4D;
			productRefGroup = D2C998CA1E0D8E4500374E4D /* Products */;
			projectDirPath = "";
			projectRoot = "";
			targets = (
				D2C998C81E0D8E4500374E4D /* Realmer */,
				D2C998DC1E0D8E4600374E4D /* RealmerTests */,
				D2C998E71E0D8E4600374E4D /* RealmerUITests */,
			);
		};
/* End PBXProject section */

/* Begin PBXResourcesBuildPhase section */
		D2C998C71E0D8E4500374E4D /* Resources */ = {
			isa = PBXResourcesBuildPhase;
			buildActionMask = 2147483647;
			files = (
				D2C998D71E0D8E4500374E4D /* LaunchScreen.storyboard in Resources */,
				D2C998D41E0D8E4500374E4D /* Assets.xcassets in Resources */,
				D2C998D21E0D8E4500374E4D /* Main.storyboard in Resources */,
			);
			runOnlyForDeploymentPostprocessing = 0;
		};
		D2C998DB1E0D8E4600374E4D /* Resources */ = {
			isa = PBXResourcesBuildPhase;
			buildActionMask = 2147483647;
			files = (
			);
			runOnlyForDeploymentPostprocessing = 0;
		};
		D2C998E61E0D8E4600374E4D /* Resources */ = {
			isa = PBXResourcesBuildPhase;
			buildActionMask = 2147483647;
			files = (
			);
			runOnlyForDeploymentPostprocessing = 0;
		};
/* End PBXResourcesBuildPhase section */

/* Begin PBXShellScriptBuildPhase section */
		D286070D1E0DB06100333240 /* ShellScript */ = {
			isa = PBXShellScriptBuildPhase;
			buildActionMask = 2147483647;
			files = (
			);
			inputPaths = (
			);
			outputPaths = (
			);
			runOnlyForDeploymentPostprocessing = 0;
			shellPath = /bin/sh;
			shellScript = "bash \"${BUILT_PRODUCTS_DIR}/${FRAMEWORKS_FOLDER_PATH}/Realm.framework/strip-frameworks.sh\"\n";
		};
/* End PBXShellScriptBuildPhase section */

/* Begin PBXSourcesBuildPhase section */
		D2C998C51E0D8E4500374E4D /* Sources */ = {
			isa = PBXSourcesBuildPhase;
			buildActionMask = 2147483647;
			files = (
				D2C998FE1E0D8FF000374E4D /* ResponsesVC.swift in Sources */,
				D2C998CF1E0D8E4500374E4D /* ViewController.swift in Sources */,
				D28607101E0DB0BD00333240 /* LoggedAlert.swift in Sources */,
				D265EBC41E1043A700DEDF33 /* RealmController.swift in Sources */,
				D2C998CD1E0D8E4500374E4D /* AppDelegate.swift in Sources */,
				D28607121E0DB12900333240 /* Response.swift in Sources */,
			);
			runOnlyForDeploymentPostprocessing = 0;
		};
		D2C998D91E0D8E4600374E4D /* Sources */ = {
			isa = PBXSourcesBuildPhase;
			buildActionMask = 2147483647;
			files = (
				D2C998E21E0D8E4600374E4D /* RealmerTests.swift in Sources */,
			);
			runOnlyForDeploymentPostprocessing = 0;
		};
		D2C998E41E0D8E4600374E4D /* Sources */ = {
			isa = PBXSourcesBuildPhase;
			buildActionMask = 2147483647;
			files = (
				D2C998ED1E0D8E4600374E4D /* RealmerUITests.swift in Sources */,
			);
			runOnlyForDeploymentPostprocessing = 0;
		};
/* End PBXSourcesBuildPhase section */

/* Begin PBXTargetDependency section */
		D2C998DF1E0D8E4600374E4D /* PBXTargetDependency */ = {
			isa = PBXTargetDependency;
			target = D2C998C81E0D8E4500374E4D /* Realmer */;
			targetProxy = D2C998DE1E0D8E4600374E4D /* PBXContainerItemProxy */;
		};
		D2C998EA1E0D8E4600374E4D /* PBXTargetDependency */ = {
			isa = PBXTargetDependency;
			target = D2C998C81E0D8E4500374E4D /* Realmer */;
			targetProxy = D2C998E91E0D8E4600374E4D /* PBXContainerItemProxy */;
		};
/* End PBXTargetDependency section */

/* Begin PBXVariantGroup section */
		D2C998D01E0D8E4500374E4D /* Main.storyboard */ = {
			isa = PBXVariantGroup;
			children = (
				D2C998D11E0D8E4500374E4D /* Base */,
			);
			name = Main.storyboard;
			sourceTree = "<group>";
		};
		D2C998D51E0D8E4500374E4D /* LaunchScreen.storyboard */ = {
			isa = PBXVariantGroup;
			children = (
				D2C998D61E0D8E4500374E4D /* Base */,
			);
			name = LaunchScreen.storyboard;
			sourceTree = "<group>";
		};
/* End PBXVariantGroup section */

/* Begin XCBuildConfiguration section */
		D2C998EF1E0D8E4600374E4D /* Debug */ = {
			isa = XCBuildConfiguration;
			buildSettings = {
				ALWAYS_SEARCH_USER_PATHS = NO;
				CLANG_ANALYZER_NONNULL = YES;
				CLANG_CXX_LANGUAGE_STANDARD = "gnu++0x";
				CLANG_CXX_LIBRARY = "libc++";
				CLANG_ENABLE_MODULES = YES;
				CLANG_ENABLE_OBJC_ARC = YES;
				CLANG_WARN_BOOL_CONVERSION = YES;
				CLANG_WARN_CONSTANT_CONVERSION = YES;
				CLANG_WARN_DIRECT_OBJC_ISA_USAGE = YES_ERROR;
				CLANG_WARN_DOCUMENTATION_COMMENTS = YES;
				CLANG_WARN_EMPTY_BODY = YES;
				CLANG_WARN_ENUM_CONVERSION = YES;
				CLANG_WARN_INFINITE_RECURSION = YES;
				CLANG_WARN_INT_CONVERSION = YES;
				CLANG_WARN_OBJC_ROOT_CLASS = YES_ERROR;
				CLANG_WARN_SUSPICIOUS_MOVES = YES;
				CLANG_WARN_UNREACHABLE_CODE = YES;
				CLANG_WARN__DUPLICATE_METHOD_MATCH = YES;
				"CODE_SIGN_IDENTITY[sdk=iphoneos*]" = "iPhone Developer";
				COPY_PHASE_STRIP = NO;
				DEBUG_INFORMATION_FORMAT = dwarf;
				ENABLE_STRICT_OBJC_MSGSEND = YES;
				ENABLE_TESTABILITY = YES;
				GCC_C_LANGUAGE_STANDARD = gnu99;
				GCC_DYNAMIC_NO_PIC = NO;
				GCC_NO_COMMON_BLOCKS = YES;
				GCC_OPTIMIZATION_LEVEL = 0;
				GCC_PREPROCESSOR_DEFINITIONS = (
					"DEBUG=1",
					"$(inherited)",
				);
				GCC_WARN_64_TO_32_BIT_CONVERSION = YES;
				GCC_WARN_ABOUT_RETURN_TYPE = YES_ERROR;
				GCC_WARN_UNDECLARED_SELECTOR = YES;
				GCC_WARN_UNINITIALIZED_AUTOS = YES_AGGRESSIVE;
				GCC_WARN_UNUSED_FUNCTION = YES;
				GCC_WARN_UNUSED_VARIABLE = YES;
				IPHONEOS_DEPLOYMENT_TARGET = 10.1;
				MTL_ENABLE_DEBUG_INFO = YES;
				ONLY_ACTIVE_ARCH = YES;
				SDKROOT = iphoneos;
				SWIFT_ACTIVE_COMPILATION_CONDITIONS = DEBUG;
				SWIFT_OPTIMIZATION_LEVEL = "-Onone";
				TARGETED_DEVICE_FAMILY = "1,2";
			};
			name = Debug;
		};
		D2C998F01E0D8E4600374E4D /* Release */ = {
			isa = XCBuildConfiguration;
			buildSettings = {
				ALWAYS_SEARCH_USER_PATHS = NO;
				CLANG_ANALYZER_NONNULL = YES;
				CLANG_CXX_LANGUAGE_STANDARD = "gnu++0x";
				CLANG_CXX_LIBRARY = "libc++";
				CLANG_ENABLE_MODULES = YES;
				CLANG_ENABLE_OBJC_ARC = YES;
				CLANG_WARN_BOOL_CONVERSION = YES;
				CLANG_WARN_CONSTANT_CONVERSION = YES;
				CLANG_WARN_DIRECT_OBJC_ISA_USAGE = YES_ERROR;
				CLANG_WARN_DOCUMENTATION_COMMENTS = YES;
				CLANG_WARN_EMPTY_BODY = YES;
				CLANG_WARN_ENUM_CONVERSION = YES;
				CLANG_WARN_INFINITE_RECURSION = YES;
				CLANG_WARN_INT_CONVERSION = YES;
				CLANG_WARN_OBJC_ROOT_CLASS = YES_ERROR;
				CLANG_WARN_SUSPICIOUS_MOVES = YES;
				CLANG_WARN_UNREACHABLE_CODE = YES;
				CLANG_WARN__DUPLICATE_METHOD_MATCH = YES;
				"CODE_SIGN_IDENTITY[sdk=iphoneos*]" = "iPhone Developer";
				COPY_PHASE_STRIP = NO;
				DEBUG_INFORMATION_FORMAT = "dwarf-with-dsym";
				ENABLE_NS_ASSERTIONS = NO;
				ENABLE_STRICT_OBJC_MSGSEND = YES;
				GCC_C_LANGUAGE_STANDARD = gnu99;
				GCC_NO_COMMON_BLOCKS = YES;
				GCC_WARN_64_TO_32_BIT_CONVERSION = YES;
				GCC_WARN_ABOUT_RETURN_TYPE = YES_ERROR;
				GCC_WARN_UNDECLARED_SELECTOR = YES;
				GCC_WARN_UNINITIALIZED_AUTOS = YES_AGGRESSIVE;
				GCC_WARN_UNUSED_FUNCTION = YES;
				GCC_WARN_UNUSED_VARIABLE = YES;
				IPHONEOS_DEPLOYMENT_TARGET = 10.1;
				MTL_ENABLE_DEBUG_INFO = NO;
				SDKROOT = iphoneos;
				SWIFT_OPTIMIZATION_LEVEL = "-Owholemodule";
				TARGETED_DEVICE_FAMILY = "1,2";
				VALIDATE_PRODUCT = YES;
			};
			name = Release;
		};
		D2C998F21E0D8E4600374E4D /* Debug */ = {
			isa = XCBuildConfiguration;
			buildSettings = {
				ASSETCATALOG_COMPILER_APPICON_NAME = AppIcon;
				DEVELOPMENT_TEAM = 5XL94NV2G5;
				FRAMEWORK_SEARCH_PATHS = (
					"$(inherited)",
					"$(PROJECT_DIR)",
				);
				INFOPLIST_FILE = Realmer/Info.plist;
				LD_RUNPATH_SEARCH_PATHS = "$(inherited) @executable_path/Frameworks";
				PRODUCT_BUNDLE_IDENTIFIER = com.Realmer;
				PRODUCT_NAME = "$(TARGET_NAME)";
				SWIFT_VERSION = 3.0;
			};
			name = Debug;
		};
		D2C998F31E0D8E4600374E4D /* Release */ = {
			isa = XCBuildConfiguration;
			buildSettings = {
				ASSETCATALOG_COMPILER_APPICON_NAME = AppIcon;
				DEVELOPMENT_TEAM = 5XL94NV2G5;
				FRAMEWORK_SEARCH_PATHS = (
					"$(inherited)",
					"$(PROJECT_DIR)",
				);
				INFOPLIST_FILE = Realmer/Info.plist;
				LD_RUNPATH_SEARCH_PATHS = "$(inherited) @executable_path/Frameworks";
				PRODUCT_BUNDLE_IDENTIFIER = com.Realmer;
				PRODUCT_NAME = "$(TARGET_NAME)";
				SWIFT_VERSION = 3.0;
			};
			name = Release;
		};
		D2C998F51E0D8E4600374E4D /* Debug */ = {
			isa = XCBuildConfiguration;
			buildSettings = {
				ALWAYS_EMBED_SWIFT_STANDARD_LIBRARIES = YES;
				BUNDLE_LOADER = "$(TEST_HOST)";
				INFOPLIST_FILE = RealmerTests/Info.plist;
				LD_RUNPATH_SEARCH_PATHS = "$(inherited) @executable_path/Frameworks @loader_path/Frameworks";
				PRODUCT_BUNDLE_IDENTIFIER = com.RealmerTests;
				PRODUCT_NAME = "$(TARGET_NAME)";
				SWIFT_VERSION = 3.0;
				TEST_HOST = "$(BUILT_PRODUCTS_DIR)/Realmer.app/Realmer";
			};
			name = Debug;
		};
		D2C998F61E0D8E4600374E4D /* Release */ = {
			isa = XCBuildConfiguration;
			buildSettings = {
				ALWAYS_EMBED_SWIFT_STANDARD_LIBRARIES = YES;
				BUNDLE_LOADER = "$(TEST_HOST)";
				INFOPLIST_FILE = RealmerTests/Info.plist;
				LD_RUNPATH_SEARCH_PATHS = "$(inherited) @executable_path/Frameworks @loader_path/Frameworks";
				PRODUCT_BUNDLE_IDENTIFIER = com.RealmerTests;
				PRODUCT_NAME = "$(TARGET_NAME)";
				SWIFT_VERSION = 3.0;
				TEST_HOST = "$(BUILT_PRODUCTS_DIR)/Realmer.app/Realmer";
			};
			name = Release;
		};
		D2C998F81E0D8E4600374E4D /* Debug */ = {
			isa = XCBuildConfiguration;
			buildSettings = {
				ALWAYS_EMBED_SWIFT_STANDARD_LIBRARIES = YES;
				INFOPLIST_FILE = RealmerUITests/Info.plist;
				LD_RUNPATH_SEARCH_PATHS = "$(inherited) @executable_path/Frameworks @loader_path/Frameworks";
				PRODUCT_BUNDLE_IDENTIFIER = com.RealmerUITests;
				PRODUCT_NAME = "$(TARGET_NAME)";
				SWIFT_VERSION = 3.0;
				TEST_TARGET_NAME = Realmer;
			};
			name = Debug;
		};
		D2C998F91E0D8E4600374E4D /* Release */ = {
			isa = XCBuildConfiguration;
			buildSettings = {
				ALWAYS_EMBED_SWIFT_STANDARD_LIBRARIES = YES;
				INFOPLIST_FILE = RealmerUITests/Info.plist;
				LD_RUNPATH_SEARCH_PATHS = "$(inherited) @executable_path/Frameworks @loader_path/Frameworks";
				PRODUCT_BUNDLE_IDENTIFIER = com.RealmerUITests;
				PRODUCT_NAME = "$(TARGET_NAME)";
				SWIFT_VERSION = 3.0;
				TEST_TARGET_NAME = Realmer;
			};
			name = Release;
		};
/* End XCBuildConfiguration section */

/* Begin XCConfigurationList section */
		D2C998C41E0D8E4500374E4D /* Build configuration list for PBXProject "Realmer" */ = {
			isa = XCConfigurationList;
			buildConfigurations = (
				D2C998EF1E0D8E4600374E4D /* Debug */,
				D2C998F01E0D8E4600374E4D /* Release */,
			);
			defaultConfigurationIsVisible = 0;
			defaultConfigurationName = Release;
		};
		D2C998F11E0D8E4600374E4D /* Build configuration list for PBXNativeTarget "Realmer" */ = {
			isa = XCConfigurationList;
			buildConfigurations = (
				D2C998F21E0D8E4600374E4D /* Debug */,
				D2C998F31E0D8E4600374E4D /* Release */,
			);
			defaultConfigurationIsVisible = 0;
			defaultConfigurationName = Release;
		};
		D2C998F41E0D8E4600374E4D /* Build configuration list for PBXNativeTarget "RealmerTests" */ = {
			isa = XCConfigurationList;
			buildConfigurations = (
				D2C998F51E0D8E4600374E4D /* Debug */,
				D2C998F61E0D8E4600374E4D /* Release */,
			);
			defaultConfigurationIsVisible = 0;
			defaultConfigurationName = Release;
		};
		D2C998F71E0D8E4600374E4D /* Build configuration list for PBXNativeTarget "RealmerUITests" */ = {
			isa = XCConfigurationList;
			buildConfigurations = (
				D2C998F81E0D8E4600374E4D /* Debug */,
				D2C998F91E0D8E4600374E4D /* Release */,
			);
			defaultConfigurationIsVisible = 0;
			defaultConfigurationName = Release;
		};
/* End XCConfigurationList section */
	};
	rootObject = D2C998C11E0D8E4500374E4D /* Project object */;
}
